
Microsoft Visual Studio Solution File, Format Version 12.00
# Visual Studio Version 17
VisualStudioVersion = 17.13.35825.156 d17.13
MinimumVisualStudioVersion = 10.0.40219.1
Project("{FAE04EC0-301F-11D3-BF4B-00C04F79EFBC}") = "UniSync", "UniSync\UniSync.csproj", "{0254E511-FE99-45F3-87E1-BDE8F0F2F163}"
EndProject
Global
	GlobalSection(SolutionConfigurationPlatforms) = preSolution
		Debug|Any CPU = Debug|Any CPU
		Release|Any CPU = Release|Any CPU
	EndGlobalSection
	GlobalSection(ProjectConfigurationPlatforms) = postSolution
		{0254E511-FE99-45F3-87E1-BDE8F0F2F163}.Debug|Any CPU.ActiveCfg = Debug|Any CPU
		{0254E511-FE99-45F3-87E1-BDE8F0F2F163}.Debug|Any CPU.Build.0 = Debug|Any CPU
		{0254E511-FE99-45F3-87E1-BDE8F0F2F163}.Release|Any CPU.ActiveCfg = Release|Any CPU
		{0254E511-FE99-45F3-87E1-BDE8F0F2F163}.Release|Any CPU.Build.0 = Release|Any CPU
	EndGlobalSection
	GlobalSection(SolutionProperties) = preSolution
		HideSolutionNode = FALSE
	EndGlobalSection
	GlobalSection(ExtensibilityGlobals) = postSolution
		SolutionGuid = {877B2ABC-2520-47DA-A195-158D1D8BFCB9}
	EndGlobalSection
EndGlobal
